# THIS IS AN AUTOGENERATED FILE. DO NOT EDIT THIS FILE DIRECTLY.
# yarn lockfile v1


asap@~2.0.6:
  version "2.0.6"
  resolved "https://registry.yarnpkg.com/asap/-/asap-2.0.6.tgz#e50347611d7e690943208bbdafebcbc2fb866d46"
  integrity sha512-BSHWgDSAiKs50o2Re8ppvp3seVHXSRM44cdSsT9FfNEUUZLOGWVCsiWaRPWM1Znn+mqZ1OfVZ3z3DWEzSp7hRA==

commander@*:
  version "13.1.0"
  resolved "https://registry.yarnpkg.com/commander/-/commander-13.1.0.tgz#776167db68c78f38dcce1f9b8d7b8b9a488abf46"
  integrity sha512-/rFeCpNJQbhSZjGVwO9RFV3xPqbnERS8MmIQzCtD/zl6gpJuV/bMLuN92oG3F7d8oDEHHRrujSXNUr8fpjntKw==

dotenv@^16.4.7:
  version "16.4.7"
  resolved "https://registry.yarnpkg.com/dotenv/-/dotenv-16.4.7.tgz#0e20c5b82950140aa99be360a8a5f52335f53c26"
  integrity sha512-47qPchRCykZC03FhkYAhrvwU4xDBFIj1QPqaarj6mdM/hgUzfPHcpkHJOn3mJAufFeeAxAzeGsr5X0M4k6fLZQ==

dotnet@^1.1.4:
  version "1.1.4"
  resolved "https://registry.yarnpkg.com/dotnet/-/dotnet-1.1.4.tgz#7acc945452734c1ae7111002a4287aa30075cf8b"
  integrity sha512-JxRiwvNLTpIkjpphFNovyCARQbrQCMZY4OP7Q61JPGCDpvE3aJnm6Fo6x0LmroGE3L7yo7unKNRZ6aViDLR/0g==
  dependencies:
    commander "*"
    minimist "*"
    promise "*"

minimist@*:
  version "1.2.8"
  resolved "https://registry.yarnpkg.com/minimist/-/minimist-1.2.8.tgz#c1a464e7693302e082a075cee0c057741ac4772c"
  integrity sha512-2yyAR8qBkN3YuheJanUpWC5U3bb5osDywNB8RzDVlDwDHbocAJveqqj1u8+SVD7jkWT4yvsHCpWqqWqAxb0zCA==

moment@^2.29.3:
  version "2.29.3"
  resolved "https://registry.npmjs.org/moment/-/moment-2.29.3.tgz"
  integrity sha512-c6YRvhEo//6T2Jz/vVtYzqBzwvPT95JBQ+smCytzf7c50oMZRsR/a4w88aD34I+/QVSfnoAnSBFPJHItlOMJVw==

promise@*:
  version "8.3.0"
  resolved "https://registry.yarnpkg.com/promise/-/promise-8.3.0.tgz#8cb333d1edeb61ef23869fbb8a4ea0279ab60e0a"
  integrity sha512-rZPNPKTOYVNEEKFaq1HqTgOwZD+4/YHS5ukLzQCypkj+OkYx7iv0mA91lJlpPPZ8vMau3IIGj5Qlwrx+8iiSmg==
  dependencies:
    asap "~2.0.6"
